
Microsoft Visual Studio Solution File, Format Version 12.00
# Visual Studio Version 16
VisualStudioVersion = 16.0.30907.101
MinimumVisualStudioVersion = 10.0.40219.1
Project("{9A19103F-16F7-4668-BE54-9A1E7A4F7556}") = "GameProject6", "GameProject6.csproj", "{957F39BA-4F92-4C7F-8E1A-D7212D0A39BC}"
EndProject
Global
	GlobalSection(SolutionConfigurationPlatforms) = preSolution
		Debug|Any CPU = Debug|Any CPU
		Release|Any CPU = Release|Any CPU
	EndGlobalSection
	GlobalSection(ProjectConfigurationPlatforms) = postSolution
		{957F39BA-4F92-4C7F-8E1A-D7212D0A39BC}.Debug|Any CPU.ActiveCfg = Debug|Any CPU
		{957F39BA-4F92-4C7F-8E1A-D7212D0A39BC}.Debug|Any CPU.Build.0 = Debug|Any CPU
		{957F39BA-4F92-4C7F-8E1A-D7212D0A39BC}.Release|Any CPU.ActiveCfg = Release|Any CPU
		{957F39BA-4F92-4C7F-8E1A-D7212D0A39BC}.Release|Any CPU.Build.0 = Release|Any CPU
	EndGlobalSection
	GlobalSection(SolutionProperties) = preSolution
		HideSolutionNode = FALSE
	EndGlobalSection
	GlobalSection(ExtensibilityGlobals) = postSolution
		SolutionGuid = {5E3D0CA2-65A1-4E4A-B5FB-E3991C1098E0}
	EndGlobalSection
EndGlobal
